
Microsoft Visual Studio Solution File, Format Version 12.00
# Visual Studio Version 17
VisualStudioVersion = 17.5.002.0
MinimumVisualStudioVersion = 10.0.40219.1
Project("{9A19103F-16F7-4668-BE54-9A1E7A4F7556}") = "CSharp_SimDpsBot", "CSharp_SimDpsBot.csproj", "{7B71257A-A735-4F74-9969-561598632407}"
EndProject
Global
	GlobalSection(SolutionConfigurationPlatforms) = preSolution
		Debug|Any CPU = Debug|Any CPU
		Release|Any CPU = Release|Any CPU
	EndGlobalSection
	GlobalSection(ProjectConfigurationPlatforms) = postSolution
		{7B71257A-A735-4F74-9969-561598632407}.Debug|Any CPU.ActiveCfg = Debug|Any CPU
		{7B71257A-A735-4F74-9969-561598632407}.Debug|Any CPU.Build.0 = Debug|Any CPU
		{7B71257A-A735-4F74-9969-561598632407}.Release|Any CPU.ActiveCfg = Release|Any CPU
		{7B71257A-A735-4F74-9969-561598632407}.Release|Any CPU.Build.0 = Release|Any CPU
	EndGlobalSection
	GlobalSection(SolutionProperties) = preSolution
		HideSolutionNode = FALSE
	EndGlobalSection
	GlobalSection(ExtensibilityGlobals) = postSolution
		SolutionGuid = {AAECA1C5-655F-4DF2-8CC1-84799D937F86}
	EndGlobalSection
EndGlobal
